{
  "name": "maruviewer.electron.isitea",
  "version": "0.0.1",
  "lockfileVersion": 1,
  "requires": true,
  "dependencies": {
    "@egjs/component": {
      "version": "2.1.0",
      "resolved": "https://registry.npmjs.org/@egjs/component/-/component-2.1.0.tgz",
      "integrity": "sha512-5bcpM+d7UNFTdZ0qRhgYrp3YCuF45ItYp8BwBj6lDnlCrqwB6VE/QqedLZ4Emwa2KZ/TTvO8UnikMb1NFOWkPg=="
    },
    "@egjs/infinitegrid": {
      "version": "3.1.4",
      "resolved": "https://registry.npmjs.org/@egjs/infinitegrid/-/infinitegrid-3.1.4.tgz",
      "integrity": "sha512-UcYX7A7zCNisuL8TBbO8yZMj7C4+sc6CXqUuE87Dr9+MVuqs+txVronZ1/sUvLkcrd036KK30jiUUtfbLicLFw==",
      "requires": {
        "@egjs/component": "2.1.0"
      }
    },
    "graceful-fs": {
      "version": "4.1.11",
      "resolved": "https://registry.npmjs.org/graceful-fs/-/graceful-fs-4.1.11.tgz",
      "integrity": "sha1-Dovf5NHduIVNZOBOp8AOKgJuVlg=",
      "optional": true
    },
    "jsonfile": {
      "version": "4.0.0",
      "resolved": "https://registry.npmjs.org/jsonfile/-/jsonfile-4.0.0.tgz",
      "integrity": "sha1-h3Gq4HmbZAdrdmQPygWPnBDjPss=",
      "requires": {
        "graceful-fs": "4.1.11"
      }
    }
  }
}
